
Microsoft Visual Studio Solution File, Format Version 12.00
# Visual Studio Version 17
VisualStudioVersion = 17.13.35825.156
MinimumVisualStudioVersion = 10.0.40219.1
Project("{2150E333-8FDC-42A3-9474-1A3956D46DE8}") = "Services", "Services", "{36D591C7-65C7-A0D1-1CBC-10CDE441BDC8}"
EndProject
Project("{2150E333-8FDC-42A3-9474-1A3956D46DE8}") = "TasksBoard", "TasksBoard", "{F63EF151-0D91-4CF0-9B27-93658EC37D57}"
EndProject
Project("{FAE04EC0-301F-11D3-BF4B-00C04F79EFBC}") = "TasksBoard.API", "Services\TasksBoard\TasksBoard.API\TasksBoard.API.csproj", "{08561223-6F35-48EE-98C8-8ED16149F8A8}"
EndProject
Project("{FAE04EC0-301F-11D3-BF4B-00C04F79EFBC}") = "TasksBoard.Application", "Services\TasksBoard\TasksBoard.Application\TasksBoard.Application.csproj", "{BBAAC423-FBA8-4FE1-9185-2F482ADAC52F}"
EndProject
Project("{FAE04EC0-301F-11D3-BF4B-00C04F79EFBC}") = "TasksBoard.Infrastructure", "Services\TasksBoard\TasksBoard.Infrastructure\TasksBoard.Infrastructure.csproj", "{19FCA2F8-336C-4BC5-8F97-04F7F11E0555}"
EndProject
Project("{2150E333-8FDC-42A3-9474-1A3956D46DE8}") = "BuildingBlocks", "BuildingBlocks", "{3C61DA57-25FB-4367-871A-D150F562672F}"
EndProject
Project("{FAE04EC0-301F-11D3-BF4B-00C04F79EFBC}") = "Common.Blocks", "BuildingBlocks\Common.Blocks\Common.Blocks.csproj", "{C8588BDC-93B3-486F-B632-41070C7F800B}"
EndProject
Project("{FAE04EC0-301F-11D3-BF4B-00C04F79EFBC}") = "TasksBoard.Domain", "Services\TasksBoard\TasksBoard.Domain\TasksBoard.Domain.csproj", "{D8845823-89B4-4E0A-9C59-8C9D01E944BB}"
EndProject
Project("{2150E333-8FDC-42A3-9474-1A3956D46DE8}") = "Authentication", "Authentication", "{446DD790-D01F-4BFB-86A5-2BB726DDBED3}"
EndProject
Project("{FAE04EC0-301F-11D3-BF4B-00C04F79EFBC}") = "Authentication.Infrastructure", "Services\Authentication\Authentication.Infrastructure\Authentication.Infrastructure.csproj", "{A4F2462E-1CA2-4105-B584-734160EF54B8}"
EndProject
Project("{FAE04EC0-301F-11D3-BF4B-00C04F79EFBC}") = "Authentication.Domain", "Services\Authentication\Authentication.Domain\Authentication.Domain.csproj", "{35739596-ABD6-4D5F-98F5-297A30A250F7}"
EndProject
Project("{2150E333-8FDC-42A3-9474-1A3956D46DE8}") = "Web", "Web", "{97F9673A-5EFD-4797-A480-61021F90DE51}"
EndProject
Project("{54A90642-561A-4BB1-A94E-469ADEE60C69}") = "Angular.Client", "Services\Web\Angular.Client\Angular.Client.esproj", "{F089294E-CFD4-13F5-A423-5174CBC07012}"
EndProject
Project("{FAE04EC0-301F-11D3-BF4B-00C04F79EFBC}") = "Authentication.API", "Services\Authentication\Authentication.API\Authentication.API.csproj", "{C3947B59-5338-4DCC-8144-87FBE681D549}"
EndProject
Project("{FAE04EC0-301F-11D3-BF4B-00C04F79EFBC}") = "Authentication.Application", "Services\Authentication\Authentication.Application\Authentication.Application.csproj", "{6CAF3025-E845-4275-9BF0-BD8519BB5C5B}"
EndProject
Project("{2150E333-8FDC-42A3-9474-1A3956D46DE8}") = "Chat", "Chat", "{CD03FFE7-FB17-4CCD-B964-57E83A094988}"
EndProject
Project("{FAE04EC0-301F-11D3-BF4B-00C04F79EFBC}") = "Chat.API", "Services\Chat\Chat.API\Chat.API.csproj", "{A4BEF8B0-57E6-4598-B864-76A571FEB337}"
EndProject
Project("{FAE04EC0-301F-11D3-BF4B-00C04F79EFBC}") = "Chat.Application", "Services\Chat\Chat.Application\Chat.Application.csproj", "{E2192F3B-0156-4975-9956-EAF7CCD98A99}"
EndProject
Project("{FAE04EC0-301F-11D3-BF4B-00C04F79EFBC}") = "Chat.Domain", "Services\Chat\Chat.Domain\Chat.Domain.csproj", "{70A4E5CD-A390-41AF-AAB0-EB2AB89C0527}"
EndProject
Project("{FAE04EC0-301F-11D3-BF4B-00C04F79EFBC}") = "Chat.Infrastructure", "Services\Chat\Chat.Infrastructure\Chat.Infrastructure.csproj", "{91B60C19-8A63-4C35-9F71-F530E9B3A991}"
EndProject
Project("{E53339B2-1760-4266-BCC7-CA923CBCF16C}") = "docker-compose", "docker-compose.dcproj", "{81DDED9D-158B-E303-5F62-77A2896D2A5A}"
EndProject
Project("{FAE04EC0-301F-11D3-BF4B-00C04F79EFBC}") = "EventBus.Messages", "BuildingBlocks\EventBus.Messages\EventBus.Messages.csproj", "{9B9EDA9E-7001-4230-A333-CC29F630CAE0}"
EndProject
Project("{2150E333-8FDC-42A3-9474-1A3956D46DE8}") = "Notification", "Notification", "{5BB62E6F-55E9-4313-8640-C69AE3DAF3EC}"
EndProject
Project("{FAE04EC0-301F-11D3-BF4B-00C04F79EFBC}") = "Notification.API", "Services\Notification\Notification.API\Notification.API.csproj", "{E6730171-1AF2-4886-9C01-4BB0DC23178F}"
EndProject
Project("{FAE04EC0-301F-11D3-BF4B-00C04F79EFBC}") = "Notification.Application", "Services\Notification\Notification.Application\Notification.Application.csproj", "{A759C00D-8D5D-49AE-9725-01B36B44EF48}"
EndProject
Project("{FAE04EC0-301F-11D3-BF4B-00C04F79EFBC}") = "Notification.Domain", "Services\Notification\Notification.Domain\Notification.Domain.csproj", "{58636AB6-B458-40C4-B1A7-A4B1F55EBB1F}"
EndProject
Project("{FAE04EC0-301F-11D3-BF4B-00C04F79EFBC}") = "Notification.Infrastructure", "Services\Notification\Notification.Infrastructure\Notification.Infrastructure.csproj", "{818C1416-4421-4987-BEB5-24C55CCC8228}"
EndProject
Project("{2150E333-8FDC-42A3-9474-1A3956D46DE8}") = "ApiGateways", "ApiGateways", "{415322B5-4DDF-4209-B99C-A1AE2B620E18}"
EndProject
Project("{FAE04EC0-301F-11D3-BF4B-00C04F79EFBC}") = "OcelotApiGateway", "ApiGateways\OcelotApiGateway\OcelotApiGateway.csproj", "{28EB3159-C17E-4690-9E44-27875967C62F}"
EndProject
Project("{FAE04EC0-301F-11D3-BF4B-00C04F79EFBC}") = "Authentication.Tests.Units", "..\test\Authentication.Tests.Units\Authentication.Tests.Units.csproj", "{1E91A03F-D82B-4247-AD1A-6DBB3ADEF619}"
EndProject
Project("{FAE04EC0-301F-11D3-BF4B-00C04F79EFBC}") = "TasksBoard.Tests.E2E", "..\test\TasksBoard.Tests.E2E\TasksBoard.Tests.E2E.csproj", "{19FDB29E-E401-4BBA-B59B-97611741338E}"
EndProject
Project("{FAE04EC0-301F-11D3-BF4B-00C04F79EFBC}") = "TasksBoard.Tests.Units", "..\test\TasksBoard.Tests.Units\TasksBoard.Tests.Units.csproj", "{9377ED0C-537C-4A6E-9B73-7DCE9C7D7EB5}"
EndProject
Project("{FAE04EC0-301F-11D3-BF4B-00C04F79EFBC}") = "Common.gRPC", "BuildingBlocks\Common.gRPC\Common.gRPC.csproj", "{B7645AD8-A554-44C4-A122-09EBD4DFEB5D}"
EndProject
Project("{FAE04EC0-301F-11D3-BF4B-00C04F79EFBC}") = "Notification.Consumer", "Services\Notification\Notification.Consumer\Notification.Consumer.csproj", "{5C3B7AF2-371E-48A2-A869-EA3467F3EB97}"
EndProject
Global
	GlobalSection(SolutionConfigurationPlatforms) = preSolution
		Debug|Any CPU = Debug|Any CPU
		Release|Any CPU = Release|Any CPU
	EndGlobalSection
	GlobalSection(ProjectConfigurationPlatforms) = postSolution
		{08561223-6F35-48EE-98C8-8ED16149F8A8}.Debug|Any CPU.ActiveCfg = Debug|Any CPU
		{08561223-6F35-48EE-98C8-8ED16149F8A8}.Debug|Any CPU.Build.0 = Debug|Any CPU
		{08561223-6F35-48EE-98C8-8ED16149F8A8}.Release|Any CPU.ActiveCfg = Release|Any CPU
		{08561223-6F35-48EE-98C8-8ED16149F8A8}.Release|Any CPU.Build.0 = Release|Any CPU
		{BBAAC423-FBA8-4FE1-9185-2F482ADAC52F}.Debug|Any CPU.ActiveCfg = Debug|Any CPU
		{BBAAC423-FBA8-4FE1-9185-2F482ADAC52F}.Debug|Any CPU.Build.0 = Debug|Any CPU
		{BBAAC423-FBA8-4FE1-9185-2F482ADAC52F}.Release|Any CPU.ActiveCfg = Release|Any CPU
		{BBAAC423-FBA8-4FE1-9185-2F482ADAC52F}.Release|Any CPU.Build.0 = Release|Any CPU
		{19FCA2F8-336C-4BC5-8F97-04F7F11E0555}.Debug|Any CPU.ActiveCfg = Debug|Any CPU
		{19FCA2F8-336C-4BC5-8F97-04F7F11E0555}.Debug|Any CPU.Build.0 = Debug|Any CPU
		{19FCA2F8-336C-4BC5-8F97-04F7F11E0555}.Release|Any CPU.ActiveCfg = Release|Any CPU
		{19FCA2F8-336C-4BC5-8F97-04F7F11E0555}.Release|Any CPU.Build.0 = Release|Any CPU
		{C8588BDC-93B3-486F-B632-41070C7F800B}.Debug|Any CPU.ActiveCfg = Debug|Any CPU
		{C8588BDC-93B3-486F-B632-41070C7F800B}.Debug|Any CPU.Build.0 = Debug|Any CPU
		{C8588BDC-93B3-486F-B632-41070C7F800B}.Release|Any CPU.ActiveCfg = Release|Any CPU
		{C8588BDC-93B3-486F-B632-41070C7F800B}.Release|Any CPU.Build.0 = Release|Any CPU
		{D8845823-89B4-4E0A-9C59-8C9D01E944BB}.Debug|Any CPU.ActiveCfg = Debug|Any CPU
		{D8845823-89B4-4E0A-9C59-8C9D01E944BB}.Debug|Any CPU.Build.0 = Debug|Any CPU
		{D8845823-89B4-4E0A-9C59-8C9D01E944BB}.Release|Any CPU.ActiveCfg = Release|Any CPU
		{D8845823-89B4-4E0A-9C59-8C9D01E944BB}.Release|Any CPU.Build.0 = Release|Any CPU
		{A4F2462E-1CA2-4105-B584-734160EF54B8}.Debug|Any CPU.ActiveCfg = Debug|Any CPU
		{A4F2462E-1CA2-4105-B584-734160EF54B8}.Debug|Any CPU.Build.0 = Debug|Any CPU
		{A4F2462E-1CA2-4105-B584-734160EF54B8}.Release|Any CPU.ActiveCfg = Release|Any CPU
		{A4F2462E-1CA2-4105-B584-734160EF54B8}.Release|Any CPU.Build.0 = Release|Any CPU
		{35739596-ABD6-4D5F-98F5-297A30A250F7}.Debug|Any CPU.ActiveCfg = Debug|Any CPU
		{35739596-ABD6-4D5F-98F5-297A30A250F7}.Debug|Any CPU.Build.0 = Debug|Any CPU
		{35739596-ABD6-4D5F-98F5-297A30A250F7}.Release|Any CPU.ActiveCfg = Release|Any CPU
		{35739596-ABD6-4D5F-98F5-297A30A250F7}.Release|Any CPU.Build.0 = Release|Any CPU
		{F089294E-CFD4-13F5-A423-5174CBC07012}.Debug|Any CPU.ActiveCfg = Debug|Any CPU
		{F089294E-CFD4-13F5-A423-5174CBC07012}.Debug|Any CPU.Build.0 = Debug|Any CPU
		{F089294E-CFD4-13F5-A423-5174CBC07012}.Debug|Any CPU.Deploy.0 = Debug|Any CPU
		{F089294E-CFD4-13F5-A423-5174CBC07012}.Release|Any CPU.ActiveCfg = Release|Any CPU
		{F089294E-CFD4-13F5-A423-5174CBC07012}.Release|Any CPU.Build.0 = Release|Any CPU
		{F089294E-CFD4-13F5-A423-5174CBC07012}.Release|Any CPU.Deploy.0 = Release|Any CPU
		{C3947B59-5338-4DCC-8144-87FBE681D549}.Debug|Any CPU.ActiveCfg = Debug|Any CPU
		{C3947B59-5338-4DCC-8144-87FBE681D549}.Debug|Any CPU.Build.0 = Debug|Any CPU
		{C3947B59-5338-4DCC-8144-87FBE681D549}.Release|Any CPU.ActiveCfg = Release|Any CPU
		{C3947B59-5338-4DCC-8144-87FBE681D549}.Release|Any CPU.Build.0 = Release|Any CPU
		{6CAF3025-E845-4275-9BF0-BD8519BB5C5B}.Debug|Any CPU.ActiveCfg = Debug|Any CPU
		{6CAF3025-E845-4275-9BF0-BD8519BB5C5B}.Debug|Any CPU.Build.0 = Debug|Any CPU
		{6CAF3025-E845-4275-9BF0-BD8519BB5C5B}.Release|Any CPU.ActiveCfg = Release|Any CPU
		{6CAF3025-E845-4275-9BF0-BD8519BB5C5B}.Release|Any CPU.Build.0 = Release|Any CPU
		{A4BEF8B0-57E6-4598-B864-76A571FEB337}.Debug|Any CPU.ActiveCfg = Debug|Any CPU
		{A4BEF8B0-57E6-4598-B864-76A571FEB337}.Debug|Any CPU.Build.0 = Debug|Any CPU
		{A4BEF8B0-57E6-4598-B864-76A571FEB337}.Release|Any CPU.ActiveCfg = Release|Any CPU
		{A4BEF8B0-57E6-4598-B864-76A571FEB337}.Release|Any CPU.Build.0 = Release|Any CPU
		{E2192F3B-0156-4975-9956-EAF7CCD98A99}.Debug|Any CPU.ActiveCfg = Debug|Any CPU
		{E2192F3B-0156-4975-9956-EAF7CCD98A99}.Debug|Any CPU.Build.0 = Debug|Any CPU
		{E2192F3B-0156-4975-9956-EAF7CCD98A99}.Release|Any CPU.ActiveCfg = Release|Any CPU
		{E2192F3B-0156-4975-9956-EAF7CCD98A99}.Release|Any CPU.Build.0 = Release|Any CPU
		{70A4E5CD-A390-41AF-AAB0-EB2AB89C0527}.Debug|Any CPU.ActiveCfg = Debug|Any CPU
		{70A4E5CD-A390-41AF-AAB0-EB2AB89C0527}.Debug|Any CPU.Build.0 = Debug|Any CPU
		{70A4E5CD-A390-41AF-AAB0-EB2AB89C0527}.Release|Any CPU.ActiveCfg = Release|Any CPU
		{70A4E5CD-A390-41AF-AAB0-EB2AB89C0527}.Release|Any CPU.Build.0 = Release|Any CPU
		{91B60C19-8A63-4C35-9F71-F530E9B3A991}.Debug|Any CPU.ActiveCfg = Debug|Any CPU
		{91B60C19-8A63-4C35-9F71-F530E9B3A991}.Debug|Any CPU.Build.0 = Debug|Any CPU
		{91B60C19-8A63-4C35-9F71-F530E9B3A991}.Release|Any CPU.ActiveCfg = Release|Any CPU
		{91B60C19-8A63-4C35-9F71-F530E9B3A991}.Release|Any CPU.Build.0 = Release|Any CPU
		{81DDED9D-158B-E303-5F62-77A2896D2A5A}.Debug|Any CPU.ActiveCfg = Debug|Any CPU
		{81DDED9D-158B-E303-5F62-77A2896D2A5A}.Debug|Any CPU.Build.0 = Debug|Any CPU
		{81DDED9D-158B-E303-5F62-77A2896D2A5A}.Release|Any CPU.ActiveCfg = Release|Any CPU
		{81DDED9D-158B-E303-5F62-77A2896D2A5A}.Release|Any CPU.Build.0 = Release|Any CPU
		{9B9EDA9E-7001-4230-A333-CC29F630CAE0}.Debug|Any CPU.ActiveCfg = Debug|Any CPU
		{9B9EDA9E-7001-4230-A333-CC29F630CAE0}.Debug|Any CPU.Build.0 = Debug|Any CPU
		{9B9EDA9E-7001-4230-A333-CC29F630CAE0}.Release|Any CPU.ActiveCfg = Release|Any CPU
		{9B9EDA9E-7001-4230-A333-CC29F630CAE0}.Release|Any CPU.Build.0 = Release|Any CPU
		{E6730171-1AF2-4886-9C01-4BB0DC23178F}.Debug|Any CPU.ActiveCfg = Debug|Any CPU
		{E6730171-1AF2-4886-9C01-4BB0DC23178F}.Debug|Any CPU.Build.0 = Debug|Any CPU
		{E6730171-1AF2-4886-9C01-4BB0DC23178F}.Release|Any CPU.ActiveCfg = Release|Any CPU
		{E6730171-1AF2-4886-9C01-4BB0DC23178F}.Release|Any CPU.Build.0 = Release|Any CPU
		{A759C00D-8D5D-49AE-9725-01B36B44EF48}.Debug|Any CPU.ActiveCfg = Debug|Any CPU
		{A759C00D-8D5D-49AE-9725-01B36B44EF48}.Debug|Any CPU.Build.0 = Debug|Any CPU
		{A759C00D-8D5D-49AE-9725-01B36B44EF48}.Release|Any CPU.ActiveCfg = Release|Any CPU
		{A759C00D-8D5D-49AE-9725-01B36B44EF48}.Release|Any CPU.Build.0 = Release|Any CPU
		{58636AB6-B458-40C4-B1A7-A4B1F55EBB1F}.Debug|Any CPU.ActiveCfg = Debug|Any CPU
		{58636AB6-B458-40C4-B1A7-A4B1F55EBB1F}.Debug|Any CPU.Build.0 = Debug|Any CPU
		{58636AB6-B458-40C4-B1A7-A4B1F55EBB1F}.Release|Any CPU.ActiveCfg = Release|Any CPU
		{58636AB6-B458-40C4-B1A7-A4B1F55EBB1F}.Release|Any CPU.Build.0 = Release|Any CPU
		{818C1416-4421-4987-BEB5-24C55CCC8228}.Debug|Any CPU.ActiveCfg = Debug|Any CPU
		{818C1416-4421-4987-BEB5-24C55CCC8228}.Debug|Any CPU.Build.0 = Debug|Any CPU
		{818C1416-4421-4987-BEB5-24C55CCC8228}.Release|Any CPU.ActiveCfg = Release|Any CPU
		{818C1416-4421-4987-BEB5-24C55CCC8228}.Release|Any CPU.Build.0 = Release|Any CPU
		{28EB3159-C17E-4690-9E44-27875967C62F}.Debug|Any CPU.ActiveCfg = Debug|Any CPU
		{28EB3159-C17E-4690-9E44-27875967C62F}.Debug|Any CPU.Build.0 = Debug|Any CPU
		{28EB3159-C17E-4690-9E44-27875967C62F}.Release|Any CPU.ActiveCfg = Release|Any CPU
		{28EB3159-C17E-4690-9E44-27875967C62F}.Release|Any CPU.Build.0 = Release|Any CPU
		{1E91A03F-D82B-4247-AD1A-6DBB3ADEF619}.Debug|Any CPU.ActiveCfg = Debug|Any CPU
		{1E91A03F-D82B-4247-AD1A-6DBB3ADEF619}.Debug|Any CPU.Build.0 = Debug|Any CPU
		{1E91A03F-D82B-4247-AD1A-6DBB3ADEF619}.Release|Any CPU.ActiveCfg = Release|Any CPU
		{1E91A03F-D82B-4247-AD1A-6DBB3ADEF619}.Release|Any CPU.Build.0 = Release|Any CPU
		{19FDB29E-E401-4BBA-B59B-97611741338E}.Debug|Any CPU.ActiveCfg = Debug|Any CPU
		{19FDB29E-E401-4BBA-B59B-97611741338E}.Debug|Any CPU.Build.0 = Debug|Any CPU
		{19FDB29E-E401-4BBA-B59B-97611741338E}.Release|Any CPU.ActiveCfg = Release|Any CPU
		{19FDB29E-E401-4BBA-B59B-97611741338E}.Release|Any CPU.Build.0 = Release|Any CPU
		{9377ED0C-537C-4A6E-9B73-7DCE9C7D7EB5}.Debug|Any CPU.ActiveCfg = Debug|Any CPU
		{9377ED0C-537C-4A6E-9B73-7DCE9C7D7EB5}.Debug|Any CPU.Build.0 = Debug|Any CPU
		{9377ED0C-537C-4A6E-9B73-7DCE9C7D7EB5}.Release|Any CPU.ActiveCfg = Release|Any CPU
		{9377ED0C-537C-4A6E-9B73-7DCE9C7D7EB5}.Release|Any CPU.Build.0 = Release|Any CPU
		{B7645AD8-A554-44C4-A122-09EBD4DFEB5D}.Debug|Any CPU.ActiveCfg = Debug|Any CPU
		{B7645AD8-A554-44C4-A122-09EBD4DFEB5D}.Debug|Any CPU.Build.0 = Debug|Any CPU
		{B7645AD8-A554-44C4-A122-09EBD4DFEB5D}.Release|Any CPU.ActiveCfg = Release|Any CPU
		{B7645AD8-A554-44C4-A122-09EBD4DFEB5D}.Release|Any CPU.Build.0 = Release|Any CPU
		{5C3B7AF2-371E-48A2-A869-EA3467F3EB97}.Debug|Any CPU.ActiveCfg = Debug|Any CPU
		{5C3B7AF2-371E-48A2-A869-EA3467F3EB97}.Debug|Any CPU.Build.0 = Debug|Any CPU
		{5C3B7AF2-371E-48A2-A869-EA3467F3EB97}.Release|Any CPU.ActiveCfg = Release|Any CPU
		{5C3B7AF2-371E-48A2-A869-EA3467F3EB97}.Release|Any CPU.Build.0 = Release|Any CPU
	EndGlobalSection
	GlobalSection(SolutionProperties) = preSolution
		HideSolutionNode = FALSE
	EndGlobalSection
	GlobalSection(NestedProjects) = preSolution
		{F63EF151-0D91-4CF0-9B27-93658EC37D57} = {36D591C7-65C7-A0D1-1CBC-10CDE441BDC8}
		{08561223-6F35-48EE-98C8-8ED16149F8A8} = {F63EF151-0D91-4CF0-9B27-93658EC37D57}
		{BBAAC423-FBA8-4FE1-9185-2F482ADAC52F} = {F63EF151-0D91-4CF0-9B27-93658EC37D57}
		{19FCA2F8-336C-4BC5-8F97-04F7F11E0555} = {F63EF151-0D91-4CF0-9B27-93658EC37D57}
		{C8588BDC-93B3-486F-B632-41070C7F800B} = {3C61DA57-25FB-4367-871A-D150F562672F}
		{D8845823-89B4-4E0A-9C59-8C9D01E944BB} = {F63EF151-0D91-4CF0-9B27-93658EC37D57}
		{446DD790-D01F-4BFB-86A5-2BB726DDBED3} = {36D591C7-65C7-A0D1-1CBC-10CDE441BDC8}
		{A4F2462E-1CA2-4105-B584-734160EF54B8} = {446DD790-D01F-4BFB-86A5-2BB726DDBED3}
		{35739596-ABD6-4D5F-98F5-297A30A250F7} = {446DD790-D01F-4BFB-86A5-2BB726DDBED3}
		{97F9673A-5EFD-4797-A480-61021F90DE51} = {36D591C7-65C7-A0D1-1CBC-10CDE441BDC8}
		{F089294E-CFD4-13F5-A423-5174CBC07012} = {97F9673A-5EFD-4797-A480-61021F90DE51}
		{C3947B59-5338-4DCC-8144-87FBE681D549} = {446DD790-D01F-4BFB-86A5-2BB726DDBED3}
		{6CAF3025-E845-4275-9BF0-BD8519BB5C5B} = {446DD790-D01F-4BFB-86A5-2BB726DDBED3}
		{CD03FFE7-FB17-4CCD-B964-57E83A094988} = {36D591C7-65C7-A0D1-1CBC-10CDE441BDC8}
		{A4BEF8B0-57E6-4598-B864-76A571FEB337} = {CD03FFE7-FB17-4CCD-B964-57E83A094988}
		{E2192F3B-0156-4975-9956-EAF7CCD98A99} = {CD03FFE7-FB17-4CCD-B964-57E83A094988}
		{70A4E5CD-A390-41AF-AAB0-EB2AB89C0527} = {CD03FFE7-FB17-4CCD-B964-57E83A094988}
		{91B60C19-8A63-4C35-9F71-F530E9B3A991} = {CD03FFE7-FB17-4CCD-B964-57E83A094988}
		{9B9EDA9E-7001-4230-A333-CC29F630CAE0} = {3C61DA57-25FB-4367-871A-D150F562672F}
		{5BB62E6F-55E9-4313-8640-C69AE3DAF3EC} = {36D591C7-65C7-A0D1-1CBC-10CDE441BDC8}
		{E6730171-1AF2-4886-9C01-4BB0DC23178F} = {5BB62E6F-55E9-4313-8640-C69AE3DAF3EC}
		{A759C00D-8D5D-49AE-9725-01B36B44EF48} = {5BB62E6F-55E9-4313-8640-C69AE3DAF3EC}
		{58636AB6-B458-40C4-B1A7-A4B1F55EBB1F} = {5BB62E6F-55E9-4313-8640-C69AE3DAF3EC}
		{818C1416-4421-4987-BEB5-24C55CCC8228} = {5BB62E6F-55E9-4313-8640-C69AE3DAF3EC}
		{28EB3159-C17E-4690-9E44-27875967C62F} = {415322B5-4DDF-4209-B99C-A1AE2B620E18}
		{1E91A03F-D82B-4247-AD1A-6DBB3ADEF619} = {446DD790-D01F-4BFB-86A5-2BB726DDBED3}
		{19FDB29E-E401-4BBA-B59B-97611741338E} = {F63EF151-0D91-4CF0-9B27-93658EC37D57}
		{9377ED0C-537C-4A6E-9B73-7DCE9C7D7EB5} = {F63EF151-0D91-4CF0-9B27-93658EC37D57}
		{B7645AD8-A554-44C4-A122-09EBD4DFEB5D} = {3C61DA57-25FB-4367-871A-D150F562672F}
		{5C3B7AF2-371E-48A2-A869-EA3467F3EB97} = {5BB62E6F-55E9-4313-8640-C69AE3DAF3EC}
	EndGlobalSection
	GlobalSection(ExtensibilityGlobals) = postSolution
		SolutionGuid = {035AB995-90D6-4002-8BCD-783C17C3C72D}
	EndGlobalSection
EndGlobal
