
Microsoft Visual Studio Solution File, Format Version 12.00
# Visual Studio Version 17
VisualStudioVersion = 17.13.35825.156
MinimumVisualStudioVersion = 10.0.40219.1
Project("{2150E333-8FDC-42A3-9474-1A3956D46DE8}") = "Services", "Services", "{36D591C7-65C7-A0D1-1CBC-10CDE441BDC8}"
EndProject
Project("{2150E333-8FDC-42A3-9474-1A3956D46DE8}") = "TasksBoard", "TasksBoard", "{F63EF151-0D91-4CF0-9B27-93658EC37D57}"
EndProject
Project("{FAE04EC0-301F-11D3-BF4B-00C04F79EFBC}") = "TasksBoard.API", "Services\TasksBoard\TasksBoard.API\TasksBoard.API.csproj", "{08561223-6F35-48EE-98C8-8ED16149F8A8}"
EndProject
Project("{FAE04EC0-301F-11D3-BF4B-00C04F79EFBC}") = "TasksBoard.Application", "Services\TasksBoard\TasksBoard.Application\TasksBoard.Application.csproj", "{BBAAC423-FBA8-4FE1-9185-2F482ADAC52F}"
EndProject
Project("{FAE04EC0-301F-11D3-BF4B-00C04F79EFBC}") = "TasksBoard.Infrastructure", "Services\TasksBoard\TasksBoard.Infrastructure\TasksBoard.Infrastructure.csproj", "{19FCA2F8-336C-4BC5-8F97-04F7F11E0555}"
EndProject
Project("{2150E333-8FDC-42A3-9474-1A3956D46DE8}") = "BuildingBlocks", "BuildingBlocks", "{3C61DA57-25FB-4367-871A-D150F562672F}"
EndProject
Project("{FAE04EC0-301F-11D3-BF4B-00C04F79EFBC}") = "Common.Blocks", "BuildingBlocks\Common.Blocks\Common.Blocks.csproj", "{C8588BDC-93B3-486F-B632-41070C7F800B}"
EndProject
Project("{FAE04EC0-301F-11D3-BF4B-00C04F79EFBC}") = "TasksBoard.Domain", "Services\TasksBoard\TasksBoard.Domain\TasksBoard.Domain.csproj", "{D8845823-89B4-4E0A-9C59-8C9D01E944BB}"
EndProject
Project("{2150E333-8FDC-42A3-9474-1A3956D46DE8}") = "Authentication", "Authentication", "{446DD790-D01F-4BFB-86A5-2BB726DDBED3}"
EndProject
Project("{FAE04EC0-301F-11D3-BF4B-00C04F79EFBC}") = "Authentication.Infrastructure", "Services\Authentication\Authentication.Infrastructure\Authentication.Infrastructure.csproj", "{A4F2462E-1CA2-4105-B584-734160EF54B8}"
EndProject
Project("{FAE04EC0-301F-11D3-BF4B-00C04F79EFBC}") = "Authentication.Domain", "Services\Authentication\Authentication.Domain\Authentication.Domain.csproj", "{35739596-ABD6-4D5F-98F5-297A30A250F7}"
EndProject
Project("{2150E333-8FDC-42A3-9474-1A3956D46DE8}") = "Web", "Web", "{97F9673A-5EFD-4797-A480-61021F90DE51}"
EndProject
Project("{54A90642-561A-4BB1-A94E-469ADEE60C69}") = "Angular.Client", "Services\Web\Angular.Client\Angular.Client.esproj", "{F089294E-CFD4-13F5-A423-5174CBC07012}"
EndProject
Project("{FAE04EC0-301F-11D3-BF4B-00C04F79EFBC}") = "Authentication.API", "Services\Authentication\Authentication.API\Authentication.API.csproj", "{C3947B59-5338-4DCC-8144-87FBE681D549}"
EndProject
Project("{FAE04EC0-301F-11D3-BF4B-00C04F79EFBC}") = "Authentication.Application", "Services\Authentication\Authentication.Application\Authentication.Application.csproj", "{6CAF3025-E845-4275-9BF0-BD8519BB5C5B}"
EndProject
Global
	GlobalSection(SolutionConfigurationPlatforms) = preSolution
		Debug|Any CPU = Debug|Any CPU
		Release|Any CPU = Release|Any CPU
	EndGlobalSection
	GlobalSection(ProjectConfigurationPlatforms) = postSolution
		{08561223-6F35-48EE-98C8-8ED16149F8A8}.Debug|Any CPU.ActiveCfg = Debug|Any CPU
		{08561223-6F35-48EE-98C8-8ED16149F8A8}.Debug|Any CPU.Build.0 = Debug|Any CPU
		{08561223-6F35-48EE-98C8-8ED16149F8A8}.Release|Any CPU.ActiveCfg = Release|Any CPU
		{08561223-6F35-48EE-98C8-8ED16149F8A8}.Release|Any CPU.Build.0 = Release|Any CPU
		{BBAAC423-FBA8-4FE1-9185-2F482ADAC52F}.Debug|Any CPU.ActiveCfg = Debug|Any CPU
		{BBAAC423-FBA8-4FE1-9185-2F482ADAC52F}.Debug|Any CPU.Build.0 = Debug|Any CPU
		{BBAAC423-FBA8-4FE1-9185-2F482ADAC52F}.Release|Any CPU.ActiveCfg = Release|Any CPU
		{BBAAC423-FBA8-4FE1-9185-2F482ADAC52F}.Release|Any CPU.Build.0 = Release|Any CPU
		{19FCA2F8-336C-4BC5-8F97-04F7F11E0555}.Debug|Any CPU.ActiveCfg = Debug|Any CPU
		{19FCA2F8-336C-4BC5-8F97-04F7F11E0555}.Debug|Any CPU.Build.0 = Debug|Any CPU
		{19FCA2F8-336C-4BC5-8F97-04F7F11E0555}.Release|Any CPU.ActiveCfg = Release|Any CPU
		{19FCA2F8-336C-4BC5-8F97-04F7F11E0555}.Release|Any CPU.Build.0 = Release|Any CPU
		{C8588BDC-93B3-486F-B632-41070C7F800B}.Debug|Any CPU.ActiveCfg = Debug|Any CPU
		{C8588BDC-93B3-486F-B632-41070C7F800B}.Debug|Any CPU.Build.0 = Debug|Any CPU
		{C8588BDC-93B3-486F-B632-41070C7F800B}.Release|Any CPU.ActiveCfg = Release|Any CPU
		{C8588BDC-93B3-486F-B632-41070C7F800B}.Release|Any CPU.Build.0 = Release|Any CPU
		{D8845823-89B4-4E0A-9C59-8C9D01E944BB}.Debug|Any CPU.ActiveCfg = Debug|Any CPU
		{D8845823-89B4-4E0A-9C59-8C9D01E944BB}.Debug|Any CPU.Build.0 = Debug|Any CPU
		{D8845823-89B4-4E0A-9C59-8C9D01E944BB}.Release|Any CPU.ActiveCfg = Release|Any CPU
		{D8845823-89B4-4E0A-9C59-8C9D01E944BB}.Release|Any CPU.Build.0 = Release|Any CPU
		{A4F2462E-1CA2-4105-B584-734160EF54B8}.Debug|Any CPU.ActiveCfg = Debug|Any CPU
		{A4F2462E-1CA2-4105-B584-734160EF54B8}.Debug|Any CPU.Build.0 = Debug|Any CPU
		{A4F2462E-1CA2-4105-B584-734160EF54B8}.Release|Any CPU.ActiveCfg = Release|Any CPU
		{A4F2462E-1CA2-4105-B584-734160EF54B8}.Release|Any CPU.Build.0 = Release|Any CPU
		{35739596-ABD6-4D5F-98F5-297A30A250F7}.Debug|Any CPU.ActiveCfg = Debug|Any CPU
		{35739596-ABD6-4D5F-98F5-297A30A250F7}.Debug|Any CPU.Build.0 = Debug|Any CPU
		{35739596-ABD6-4D5F-98F5-297A30A250F7}.Release|Any CPU.ActiveCfg = Release|Any CPU
		{35739596-ABD6-4D5F-98F5-297A30A250F7}.Release|Any CPU.Build.0 = Release|Any CPU
		{F089294E-CFD4-13F5-A423-5174CBC07012}.Debug|Any CPU.ActiveCfg = Debug|Any CPU
		{F089294E-CFD4-13F5-A423-5174CBC07012}.Debug|Any CPU.Build.0 = Debug|Any CPU
		{F089294E-CFD4-13F5-A423-5174CBC07012}.Debug|Any CPU.Deploy.0 = Debug|Any CPU
		{F089294E-CFD4-13F5-A423-5174CBC07012}.Release|Any CPU.ActiveCfg = Release|Any CPU
		{F089294E-CFD4-13F5-A423-5174CBC07012}.Release|Any CPU.Build.0 = Release|Any CPU
		{F089294E-CFD4-13F5-A423-5174CBC07012}.Release|Any CPU.Deploy.0 = Release|Any CPU
		{C3947B59-5338-4DCC-8144-87FBE681D549}.Debug|Any CPU.ActiveCfg = Debug|Any CPU
		{C3947B59-5338-4DCC-8144-87FBE681D549}.Debug|Any CPU.Build.0 = Debug|Any CPU
		{C3947B59-5338-4DCC-8144-87FBE681D549}.Release|Any CPU.ActiveCfg = Release|Any CPU
		{C3947B59-5338-4DCC-8144-87FBE681D549}.Release|Any CPU.Build.0 = Release|Any CPU
		{6CAF3025-E845-4275-9BF0-BD8519BB5C5B}.Debug|Any CPU.ActiveCfg = Debug|Any CPU
		{6CAF3025-E845-4275-9BF0-BD8519BB5C5B}.Debug|Any CPU.Build.0 = Debug|Any CPU
		{6CAF3025-E845-4275-9BF0-BD8519BB5C5B}.Release|Any CPU.ActiveCfg = Release|Any CPU
		{6CAF3025-E845-4275-9BF0-BD8519BB5C5B}.Release|Any CPU.Build.0 = Release|Any CPU
	EndGlobalSection
	GlobalSection(SolutionProperties) = preSolution
		HideSolutionNode = FALSE
	EndGlobalSection
	GlobalSection(NestedProjects) = preSolution
		{F63EF151-0D91-4CF0-9B27-93658EC37D57} = {36D591C7-65C7-A0D1-1CBC-10CDE441BDC8}
		{08561223-6F35-48EE-98C8-8ED16149F8A8} = {F63EF151-0D91-4CF0-9B27-93658EC37D57}
		{BBAAC423-FBA8-4FE1-9185-2F482ADAC52F} = {F63EF151-0D91-4CF0-9B27-93658EC37D57}
		{19FCA2F8-336C-4BC5-8F97-04F7F11E0555} = {F63EF151-0D91-4CF0-9B27-93658EC37D57}
		{C8588BDC-93B3-486F-B632-41070C7F800B} = {3C61DA57-25FB-4367-871A-D150F562672F}
		{D8845823-89B4-4E0A-9C59-8C9D01E944BB} = {F63EF151-0D91-4CF0-9B27-93658EC37D57}
		{446DD790-D01F-4BFB-86A5-2BB726DDBED3} = {36D591C7-65C7-A0D1-1CBC-10CDE441BDC8}
		{A4F2462E-1CA2-4105-B584-734160EF54B8} = {446DD790-D01F-4BFB-86A5-2BB726DDBED3}
		{35739596-ABD6-4D5F-98F5-297A30A250F7} = {446DD790-D01F-4BFB-86A5-2BB726DDBED3}
		{97F9673A-5EFD-4797-A480-61021F90DE51} = {36D591C7-65C7-A0D1-1CBC-10CDE441BDC8}
		{F089294E-CFD4-13F5-A423-5174CBC07012} = {97F9673A-5EFD-4797-A480-61021F90DE51}
		{C3947B59-5338-4DCC-8144-87FBE681D549} = {446DD790-D01F-4BFB-86A5-2BB726DDBED3}
		{6CAF3025-E845-4275-9BF0-BD8519BB5C5B} = {446DD790-D01F-4BFB-86A5-2BB726DDBED3}
	EndGlobalSection
	GlobalSection(ExtensibilityGlobals) = postSolution
		SolutionGuid = {035AB995-90D6-4002-8BCD-783C17C3C72D}
	EndGlobalSection
EndGlobal
